
Microsoft Visual Studio Solution File, Format Version 12.00
# Visual Studio 15
VisualStudioVersion = 15.0.28307.572
MinimumVisualStudioVersion = 10.0.40219.1
Project("{FAE04EC0-301F-11D3-BF4B-00C04F79EFBC}") = "AcuCafe", "AcuCafe.csproj", "{FF4CF651-B7AD-46A6-8239-6708A9AB2FAA}"
EndProject
Project("{FAE04EC0-301F-11D3-BF4B-00C04F79EFBC}") = "UnitTest", "..\UnitTest\UnitTest.csproj", "{F092942A-3B47-4926-AC63-6F887F570F45}"
EndProject
Global
	GlobalSection(SolutionConfigurationPlatforms) = preSolution
		Debug|Any CPU = Debug|Any CPU
		Release|Any CPU = Release|Any CPU
	EndGlobalSection
	GlobalSection(ProjectConfigurationPlatforms) = postSolution
		{FF4CF651-B7AD-46A6-8239-6708A9AB2FAA}.Debug|Any CPU.ActiveCfg = Debug|Any CPU
		{FF4CF651-B7AD-46A6-8239-6708A9AB2FAA}.Debug|Any CPU.Build.0 = Debug|Any CPU
		{FF4CF651-B7AD-46A6-8239-6708A9AB2FAA}.Release|Any CPU.ActiveCfg = Release|Any CPU
		{FF4CF651-B7AD-46A6-8239-6708A9AB2FAA}.Release|Any CPU.Build.0 = Release|Any CPU
		{F092942A-3B47-4926-AC63-6F887F570F45}.Debug|Any CPU.ActiveCfg = Debug|Any CPU
		{F092942A-3B47-4926-AC63-6F887F570F45}.Debug|Any CPU.Build.0 = Debug|Any CPU
		{F092942A-3B47-4926-AC63-6F887F570F45}.Release|Any CPU.ActiveCfg = Release|Any CPU
		{F092942A-3B47-4926-AC63-6F887F570F45}.Release|Any CPU.Build.0 = Release|Any CPU
	EndGlobalSection
	GlobalSection(SolutionProperties) = preSolution
		HideSolutionNode = FALSE
	EndGlobalSection
	GlobalSection(ExtensibilityGlobals) = postSolution
		SolutionGuid = {2EDC7558-BD04-4652-B3EC-89E232B8690B}
	EndGlobalSection
EndGlobal
